{
  "version": 4,
  "terraform_version": "0.12.29",
  "serial": 45,
  "lineage": "06255010-aefe-6153-a967-ee7280b62ea5",
  "outputs": {},
  "resources": [
    {
      "mode": "managed",
      "type": "github_issue_label",
      "name": "github_bug",
      "provider": "provider.github",
      "instances": [
        {
          "schema_version": 0,
          "attributes": {
            "color": "FF0000",
            "description": "",
            "etag": "W/\"8af379b59096ba3154e9ad9e5eb63de98ff62dca8eb58d0e5d64fd9ed1b6e788\"",
            "id": "github:Bug",
            "name": "Bug",
            "repository": "github",
            "url": "https://api.github.com/repos/89Dojo/github/labels/Bug"
          },
          "private": "bnVsbA=="
        }
      ]
    },
    {
      "mode": "managed",
      "type": "github_issue_label",
      "name": "github_feature",
      "provider": "provider.github",
      "instances": [
        {
          "schema_version": 0,
          "attributes": {
            "color": "00FF00",
            "description": "",
            "etag": "W/\"0ee477414e5b053cb999a94fbcd32c39e87f02509e6e18090e8c96059b4990a2\"",
            "id": "github:Feature",
            "name": "Feature",
            "repository": "github",
            "url": "https://api.github.com/repos/89Dojo/github/labels/Feature"
          },
          "private": "bnVsbA=="
        }
      ]
    },
    {
      "mode": "managed",
      "type": "github_membership",
      "name": "membership_tubone24",
      "provider": "provider.github",
      "instances": [
        {
          "schema_version": 0,
          "attributes": {
            "etag": "W/\"18e01b765f413f8c36360e2a4c0f14cebcc755f5ae09dfad60bb83e5199bf8a8\"",
            "id": "89dojo:tubone24",
            "role": "admin",
            "username": "tubone24"
          },
          "private": "bnVsbA=="
        }
      ]
    },
    {
      "mode": "managed",
      "type": "github_organization_project",
      "name": "org_project",
      "provider": "provider.github",
      "instances": [
        {
          "schema_version": 0,
          "attributes": {
            "body": "89Dojo milestone",
            "etag": "W/\"7142d0a885ee031ab51cd6d6610e2f8ae3db971e2cf51e23b1795c998610f8a0\"",
            "id": "12198862",
            "name": "89Dojo milestone",
            "url": "https://github.com/orgs/89dojo/projects/1"
          },
          "private": "bnVsbA=="
        }
      ]
    },
    {
      "mode": "managed",
      "type": "github_project_column",
      "name": "Done",
      "provider": "provider.github",
      "instances": [
        {
          "schema_version": 0,
          "attributes": {
            "column_id": 13843150,
            "etag": null,
            "id": "13843150",
            "name": "Done",
            "project_id": "12198862"
          },
          "private": "bnVsbA==",
          "dependencies": [
            "github_organization_project.org_project"
          ]
        }
      ]
    },
    {
      "mode": "managed",
      "type": "github_project_column",
      "name": "considering",
      "provider": "provider.github",
      "instances": [
        {
          "schema_version": 0,
          "attributes": {
            "column_id": 13843148,
            "etag": null,
            "id": "13843148",
            "name": "Considering",
            "project_id": "12198862"
          },
          "private": "bnVsbA==",
          "dependencies": [
            "github_organization_project.org_project"
          ]
        }
      ]
    },
    {
      "mode": "managed",
      "type": "github_project_column",
      "name": "doing",
      "provider": "provider.github",
      "instances": [
        {
          "schema_version": 0,
          "attributes": {
            "column_id": 13843149,
            "etag": null,
            "id": "13843149",
            "name": "Doing",
            "project_id": "12198862"
          },
          "private": "bnVsbA==",
          "dependencies": [
            "github_organization_project.org_project"
          ]
        }
      ]
    },
    {
      "mode": "managed",
      "type": "github_project_column",
      "name": "todo",
      "provider": "provider.github",
      "instances": [
        {
          "schema_version": 0,
          "attributes": {
            "column_id": 13843153,
            "etag": null,
            "id": "13843153",
            "name": "ToDo",
            "project_id": "12198862"
          },
          "private": "bnVsbA==",
          "dependencies": [
            "github_organization_project.org_project"
          ]
        }
      ]
    },
    {
      "mode": "managed",
      "type": "github_project_column",
      "name": "wait_review",
      "provider": "provider.github",
      "instances": [
        {
          "schema_version": 0,
          "attributes": {
            "column_id": 13843151,
            "etag": null,
            "id": "13843151",
            "name": "Wait review",
            "project_id": "12198862"
          },
          "private": "bnVsbA==",
          "dependencies": [
            "github_organization_project.org_project"
          ]
        }
      ]
    },
    {
      "mode": "managed",
      "type": "github_repository",
      "name": "_89Dojo_github_io",
      "provider": "provider.github",
      "instances": [
        {
          "schema_version": 0,
          "attributes": {
            "allow_merge_commit": true,
            "allow_rebase_merge": true,
            "allow_squash_merge": true,
            "archive_on_destroy": null,
            "archived": false,
            "auto_init": null,
            "default_branch": "main",
            "delete_branch_on_merge": false,
            "description": "89Dojo.github.io",
            "etag": "W/\"c0a2b5535a720936c4d3fcea652ad695d3478c1ecfd3c239045c5e18e83edf95\"",
            "full_name": "89Dojo/89Dojo.github.io",
            "git_clone_url": "git://github.com/89Dojo/89Dojo.github.io.git",
            "gitignore_template": null,
            "has_downloads": true,
            "has_issues": true,
            "has_projects": false,
            "has_wiki": true,
            "homepage_url": "",
            "html_url": "https://github.com/89Dojo/89Dojo.github.io",
            "http_clone_url": "https://github.com/89Dojo/89Dojo.github.io.git",
            "id": "89Dojo.github.io",
            "is_template": false,
            "license_template": null,
            "name": "89Dojo.github.io",
            "node_id": "MDEwOlJlcG9zaXRvcnkzNTg3NjE1ODY=",
            "pages": [
              {
                "cname": "",
                "custom_404": false,
                "html_url": "https://89dojo.github.io/",
                "source": [
                  {
                    "branch": "gh-pages",
                    "path": "/"
                  }
                ],
                "status": "built",
                "url": "https://api.github.com/repos/89Dojo/89Dojo.github.io/pages"
              }
            ],
            "private": false,
            "repo_id": 358761586,
            "ssh_clone_url": "git@github.com:89Dojo/89Dojo.github.io.git",
            "svn_url": "https://github.com/89Dojo/89Dojo.github.io",
            "template": [],
            "topics": [],
            "visibility": "public",
            "vulnerability_alerts": false
          },
          "private": "bnVsbA=="
        }
      ]
    },
    {
      "mode": "managed",
      "type": "github_repository",
      "name": "github",
      "provider": "provider.github",
      "instances": [
        {
          "schema_version": 0,
          "attributes": {
            "allow_merge_commit": true,
            "allow_rebase_merge": true,
            "allow_squash_merge": true,
            "archive_on_destroy": null,
            "archived": false,
            "auto_init": false,
            "default_branch": "main",
            "delete_branch_on_merge": false,
            "description": "github repository",
            "etag": "W/\"61698027fa30f82402b8296214718be17112fe3dfd583990a70f3eccf84044a7\"",
            "full_name": "89Dojo/github",
            "git_clone_url": "git://github.com/89Dojo/github.git",
            "gitignore_template": null,
            "has_downloads": true,
            "has_issues": true,
            "has_projects": false,
            "has_wiki": true,
            "homepage_url": "",
            "html_url": "https://github.com/89Dojo/github",
            "http_clone_url": "https://github.com/89Dojo/github.git",
            "id": "github",
            "is_template": false,
            "license_template": null,
            "name": "github",
            "node_id": "MDEwOlJlcG9zaXRvcnkzNTU1ODAxNjE=",
            "pages": [],
            "private": false,
            "repo_id": 355580161,
            "ssh_clone_url": "git@github.com:89Dojo/github.git",
            "svn_url": "https://github.com/89Dojo/github",
            "template": [],
            "topics": [],
            "visibility": "public",
            "vulnerability_alerts": false
          },
          "private": "bnVsbA=="
        }
      ]
    },
    {
      "mode": "managed",
      "type": "github_repository",
      "name": "workplace_lunch_map",
      "provider": "provider.github",
      "instances": [
        {
          "schema_version": 0,
          "attributes": {
            "allow_merge_commit": true,
            "allow_rebase_merge": true,
            "allow_squash_merge": true,
            "archive_on_destroy": null,
            "archived": false,
            "auto_init": null,
            "default_branch": "main",
            "delete_branch_on_merge": false,
            "description": "会社近くのランチマップ作ろうぜ",
            "etag": "W/\"2afdd0b29a25971fe47b1ab140abb6e2b46c30ddf29ffadc1d8a6d1f8bed51dd\"",
            "full_name": "89Dojo/workplace_lunch_map",
            "git_clone_url": "git://github.com/89Dojo/workplace_lunch_map.git",
            "gitignore_template": null,
            "has_downloads": true,
            "has_issues": true,
            "has_projects": false,
            "has_wiki": true,
            "homepage_url": "",
            "html_url": "https://github.com/89Dojo/workplace_lunch_map",
            "http_clone_url": "https://github.com/89Dojo/workplace_lunch_map.git",
            "id": "workplace_lunch_map",
            "is_template": false,
            "license_template": null,
            "name": "workplace_lunch_map",
            "node_id": "MDEwOlJlcG9zaXRvcnkzOTgyOTE1MDk=",
            "pages": [],
            "private": false,
            "repo_id": 398291509,
            "ssh_clone_url": "git@github.com:89Dojo/workplace_lunch_map.git",
            "svn_url": "https://github.com/89Dojo/workplace_lunch_map",
            "template": [],
            "topics": null,
            "visibility": "public",
            "vulnerability_alerts": false
          },
          "private": "bnVsbA=="
        }
      ]
    },
    {
      "mode": "managed",
      "type": "github_repository_collaborator",
      "name": "github_tubone24",
      "provider": "provider.github",
      "instances": [
        {
          "schema_version": 0,
          "attributes": {
            "id": "github:tubone24",
            "invitation_id": null,
            "permission": "admin",
            "permission_diff_suppression": false,
            "repository": "github",
            "username": "tubone24"
          },
          "private": "bnVsbA=="
        }
      ]
    },
    {
      "mode": "managed",
      "type": "github_team",
      "name": "admin",
      "provider": "provider.github",
      "instances": [
        {
          "schema_version": 0,
          "attributes": {
            "create_default_maintainer": false,
            "description": "Admin",
            "etag": "W/\"48e13589246eefceef667c97359a836731041c22d3d8be02405048810275968d\"",
            "id": "4697422",
            "ldap_dn": "",
            "members_count": 1,
            "name": "Admin",
            "node_id": "MDQ6VGVhbTQ2OTc0MjI=",
            "parent_team_id": null,
            "privacy": "closed",
            "slug": "admin"
          },
          "private": "bnVsbA=="
        }
      ]
    },
    {
      "mode": "managed",
      "type": "github_team",
      "name": "developer",
      "provider": "provider.github",
      "instances": [
        {
          "schema_version": 0,
          "attributes": {
            "create_default_maintainer": false,
            "description": "developer",
            "etag": "W/\"fe4b377ce3810a2f87372925888f2760b2d8e75d38d36a1a5e6dbaf726f7c09a\"",
            "id": "4709164",
            "ldap_dn": "",
            "members_count": 1,
            "name": "Developer",
            "node_id": "MDQ6VGVhbTQ3MDkxNjQ=",
            "parent_team_id": null,
            "privacy": "closed",
            "slug": "developer"
          },
          "private": "bnVsbA=="
        }
      ]
    },
    {
      "mode": "managed",
      "type": "github_team",
      "name": "readonly",
      "provider": "provider.github",
      "instances": [
        {
          "schema_version": 0,
          "attributes": {
            "create_default_maintainer": false,
            "description": "readonly",
            "etag": "W/\"5937e026a7d291e04ec4fe0d571ef3d9429884ff36334a59b0e3223c95ebe462\"",
            "id": "4723385",
            "ldap_dn": "",
            "members_count": 0,
            "name": "Readoly",
            "node_id": "MDQ6VGVhbTQ3MjMzODU=",
            "parent_team_id": null,
            "privacy": "closed",
            "slug": "readoly"
          },
          "private": "bnVsbA=="
        }
      ]
    },
    {
      "mode": "managed",
      "type": "github_team_membership",
      "name": "team_admin_tubone24",
      "provider": "provider.github",
      "instances": [
        {
          "schema_version": 0,
          "attributes": {
            "etag": "W/\"530ad671ab7aa6eeddb646dc794d6d8621bf960af643314f8baaf151c9f33fba\"",
            "id": "4697422:tubone24",
            "role": "maintainer",
            "team_id": "4697422",
            "username": "tubone24"
          },
          "private": "bnVsbA==",
          "dependencies": [
            "github_team.admin"
          ]
        }
      ]
    },
    {
      "mode": "managed",
      "type": "github_team_membership",
      "name": "team_developer_tubone24",
      "provider": "provider.github",
      "instances": [
        {
          "schema_version": 0,
          "attributes": {
            "etag": "W/\"c1671fb7d19ba2ad3097f90482421ce3cf433df7acb0a7a33056508953e46599\"",
            "id": "4709164:tubone24",
            "role": "maintainer",
            "team_id": "4709164",
            "username": "tubone24"
          },
          "private": "bnVsbA==",
          "dependencies": [
            "github_team.developer"
          ]
        }
      ]
    },
    {
      "mode": "managed",
      "type": "github_team_repository",
      "name": "team_admin_github",
      "provider": "provider.github",
      "instances": [
        {
          "schema_version": 0,
          "attributes": {
            "etag": "W/\"216bdfab039a85b3002c86e72f22af46a74303006fbf93f4acdb3962bdf3ffcb\"",
            "id": "4697422:github",
            "permission": "push",
            "repository": "github",
            "team_id": "4697422"
          },
          "private": "bnVsbA==",
          "dependencies": [
            "github_repository.github",
            "github_team.admin"
          ]
        }
      ]
    }
  ]
}
