{
  "version": 4,
  "terraform_version": "0.12.29",
  "serial": 12,
  "lineage": "06255010-aefe-6153-a967-ee7280b62ea5",
  "outputs": {},
  "resources": [
    {
      "mode": "managed",
      "type": "github_branch_protection",
      "name": "github_master",
      "provider": "provider.github",
      "instances": [
        {
          "schema_version": 1,
          "attributes": {
            "allows_deletions": false,
            "allows_force_pushes": false,
            "enforce_admins": false,
            "id": "MDIwOkJyYW5jaFByb3RlY3Rpb25SdWxlMjAwODE2ODk=",
            "pattern": "main",
            "push_restrictions": null,
            "repository_id": "github",
            "require_signed_commits": false,
            "required_pull_request_reviews": [
              {
                "dismiss_stale_reviews": false,
                "dismissal_restrictions": null,
                "require_code_owner_reviews": false,
                "required_approving_review_count": 1
              }
            ],
            "required_status_checks": []
          },
          "private": "eyJzY2hlbWFfdmVyc2lvbiI6IjEifQ==",
          "dependencies": [
            "github_repository.github"
          ]
        }
      ]
    },
    {
      "mode": "managed",
      "type": "github_membership",
      "name": "membership_tubone24",
      "provider": "provider.github",
      "instances": [
        {
          "schema_version": 0,
          "attributes": {
            "etag": "W/\"18e01b765f413f8c36360e2a4c0f14cebcc755f5ae09dfad60bb83e5199bf8a8\"",
            "id": "89dojo:tubone24",
            "role": "admin",
            "username": "tubone24"
          },
          "private": "bnVsbA=="
        }
      ]
    },
    {
      "mode": "managed",
      "type": "github_repository",
      "name": "github",
      "provider": "provider.github",
      "instances": [
        {
          "schema_version": 0,
          "attributes": {
            "allow_merge_commit": true,
            "allow_rebase_merge": true,
            "allow_squash_merge": true,
            "archive_on_destroy": null,
            "archived": false,
            "auto_init": false,
            "default_branch": "main",
            "delete_branch_on_merge": false,
            "description": "github repository",
            "etag": "W/\"04c2b5d65cb8e551c7139a861c332d59dbc891ae988e160df45a6d4922ff6db7\"",
            "full_name": "89Dojo/github",
            "git_clone_url": "git://github.com/89Dojo/github.git",
            "gitignore_template": null,
            "has_downloads": true,
            "has_issues": true,
            "has_projects": false,
            "has_wiki": true,
            "homepage_url": "",
            "html_url": "https://github.com/89Dojo/github",
            "http_clone_url": "https://github.com/89Dojo/github.git",
            "id": "github",
            "is_template": false,
            "license_template": null,
            "name": "github",
            "node_id": "MDEwOlJlcG9zaXRvcnkzNTU1ODAxNjE=",
            "pages": [],
            "private": false,
            "repo_id": 355580161,
            "ssh_clone_url": "git@github.com:89Dojo/github.git",
            "svn_url": "https://github.com/89Dojo/github",
            "template": [],
            "topics": [],
            "visibility": "public",
            "vulnerability_alerts": false
          },
          "private": "bnVsbA=="
        }
      ]
    },
    {
      "mode": "managed",
      "type": "github_repository_collaborator",
      "name": "github_tubone24",
      "provider": "provider.github",
      "instances": [
        {
          "schema_version": 0,
          "attributes": {
            "id": "github:tubone24",
            "invitation_id": null,
            "permission": "admin",
            "permission_diff_suppression": false,
            "repository": "github",
            "username": "tubone24"
          },
          "private": "bnVsbA=="
        }
      ]
    },
    {
      "mode": "managed",
      "type": "github_team",
      "name": "admin",
      "provider": "provider.github",
      "instances": [
        {
          "schema_version": 0,
          "attributes": {
            "create_default_maintainer": false,
            "description": "",
            "etag": "W/\"826cfd3bc55594f9a146ecf6405f7610122ac9e3296f2d78ce4c801b18a3d105\"",
            "id": "4697422",
            "ldap_dn": "",
            "members_count": 1,
            "name": "admin",
            "node_id": "MDQ6VGVhbTQ2OTc0MjI=",
            "parent_team_id": null,
            "privacy": "closed",
            "slug": "admin"
          },
          "private": "bnVsbA=="
        }
      ]
    },
    {
      "mode": "managed",
      "type": "github_team_membership",
      "name": "team_admin_tubone24",
      "provider": "provider.github",
      "instances": [
        {
          "schema_version": 0,
          "attributes": {
            "etag": "W/\"530ad671ab7aa6eeddb646dc794d6d8621bf960af643314f8baaf151c9f33fba\"",
            "id": "4697422:tubone24",
            "role": "maintainer",
            "team_id": "4697422",
            "username": "tubone24"
          },
          "private": "bnVsbA==",
          "dependencies": [
            "github_team.admin"
          ]
        }
      ]
    },
    {
      "mode": "managed",
      "type": "github_team_repository",
      "name": "team_admin_github",
      "provider": "provider.github",
      "instances": [
        {
          "schema_version": 0,
          "attributes": {
            "etag": "W/\"a7685919d839c97b174e41f900c060af2d30ac4c3ae93639398afdbfa80bda19\"",
            "id": "4697422:github",
            "permission": "push",
            "repository": "github",
            "team_id": "4697422"
          },
          "private": "bnVsbA==",
          "dependencies": [
            "github_repository.github",
            "github_team.admin"
          ]
        }
      ]
    }
  ]
}
